
Microsoft Visual Studio Solution File, Format Version 12.00
# Visual Studio 15
VisualStudioVersion = 15.0.28010.2019
MinimumVisualStudioVersion = 10.0.40219.1
Project("{FAE04EC0-301F-11D3-BF4B-00C04F79EFBC}") = "Work-Personal-Project", "Work-Personal-Project\Work-Personal-Project.csproj", "{042E97EC-9569-4BF2-AF9C-F7D56B21C95F}"
EndProject
Global
	GlobalSection(SolutionConfigurationPlatforms) = preSolution
		Debug|Any CPU = Debug|Any CPU
		Release|Any CPU = Release|Any CPU
	EndGlobalSection
	GlobalSection(ProjectConfigurationPlatforms) = postSolution
		{042E97EC-9569-4BF2-AF9C-F7D56B21C95F}.Debug|Any CPU.ActiveCfg = Debug|Any CPU
		{042E97EC-9569-4BF2-AF9C-F7D56B21C95F}.Debug|Any CPU.Build.0 = Debug|Any CPU
		{042E97EC-9569-4BF2-AF9C-F7D56B21C95F}.Release|Any CPU.ActiveCfg = Release|Any CPU
		{042E97EC-9569-4BF2-AF9C-F7D56B21C95F}.Release|Any CPU.Build.0 = Release|Any CPU
	EndGlobalSection
	GlobalSection(SolutionProperties) = preSolution
		HideSolutionNode = FALSE
	EndGlobalSection
	GlobalSection(ExtensibilityGlobals) = postSolution
		SolutionGuid = {E855A85B-D2D8-477F-A7BB-6E1B3E924EAD}
	EndGlobalSection
EndGlobal
